
Microsoft Visual Studio Solution File, Format Version 12.00
# Visual Studio Version 17
VisualStudioVersion = 17.7.34221.43
MinimumVisualStudioVersion = 10.0.40219.1
Project("{FAE04EC0-301F-11D3-BF4B-00C04F79EFBC}") = "ScreenSound-04", "ScreenSound-04.csproj", "{21E3866A-22F0-4F03-86CE-1D08557AA96E}"
EndProject
Global
	GlobalSection(SolutionConfigurationPlatforms) = preSolution
		Debug|Any CPU = Debug|Any CPU
		Release|Any CPU = Release|Any CPU
	EndGlobalSection
	GlobalSection(ProjectConfigurationPlatforms) = postSolution
		{21E3866A-22F0-4F03-86CE-1D08557AA96E}.Debug|Any CPU.ActiveCfg = Debug|Any CPU
		{21E3866A-22F0-4F03-86CE-1D08557AA96E}.Debug|Any CPU.Build.0 = Debug|Any CPU
		{21E3866A-22F0-4F03-86CE-1D08557AA96E}.Release|Any CPU.ActiveCfg = Release|Any CPU
		{21E3866A-22F0-4F03-86CE-1D08557AA96E}.Release|Any CPU.Build.0 = Release|Any CPU
	EndGlobalSection
	GlobalSection(SolutionProperties) = preSolution
		HideSolutionNode = FALSE
	EndGlobalSection
	GlobalSection(ExtensibilityGlobals) = postSolution
		SolutionGuid = {A91C03A2-39C1-4B56-95F0-A2D6133F8459}
	EndGlobalSection
EndGlobal
